
Microsoft Visual Studio Solution File, Format Version 12.00
# Visual Studio 15
VisualStudioVersion = 15.0.28307.421
MinimumVisualStudioVersion = 10.0.40219.1
Project("{FAE04EC0-301F-11D3-BF4B-00C04F79EFBC}") = "Approximator", "Approximator\Approximator.csproj", "{058DCBC1-0AF9-466B-AAE8-FB4796D82D31}"
EndProject
Global
	GlobalSection(SolutionConfigurationPlatforms) = preSolution
		Debug|Any CPU = Debug|Any CPU
		Release|Any CPU = Release|Any CPU
	EndGlobalSection
	GlobalSection(ProjectConfigurationPlatforms) = postSolution
		{058DCBC1-0AF9-466B-AAE8-FB4796D82D31}.Debug|Any CPU.ActiveCfg = Debug|Any CPU
		{058DCBC1-0AF9-466B-AAE8-FB4796D82D31}.Debug|Any CPU.Build.0 = Debug|Any CPU
		{058DCBC1-0AF9-466B-AAE8-FB4796D82D31}.Release|Any CPU.ActiveCfg = Release|Any CPU
		{058DCBC1-0AF9-466B-AAE8-FB4796D82D31}.Release|Any CPU.Build.0 = Release|Any CPU
	EndGlobalSection
	GlobalSection(SolutionProperties) = preSolution
		HideSolutionNode = FALSE
	EndGlobalSection
	GlobalSection(ExtensibilityGlobals) = postSolution
		SolutionGuid = {7560A167-4B4A-4679-BC54-3F32CEE6112B}
	EndGlobalSection
EndGlobal
